
Microsoft Visual Studio Solution File, Format Version 12.00
# Visual Studio Version 17
VisualStudioVersion = 17.11.35327.3
MinimumVisualStudioVersion = 10.0.40219.1
Project("{9A19103F-16F7-4668-BE54-9A1E7A4F7556}") = "Calculator Mk I", "Calculator Mk I.csproj", "{D59EC40D-7CAC-4C07-97CB-DBB6697719C9}"
EndProject
Project("{FAE04EC0-301F-11D3-BF4B-00C04F79EFBC}") = "Calculator Mk II", "..\Calculator Mk II\Calculator Mk II.csproj", "{BA8C35B7-1BE1-4C4F-8DC2-0623FE346FBB}"
EndProject
Global
	GlobalSection(SolutionConfigurationPlatforms) = preSolution
		Debug|Any CPU = Debug|Any CPU
		Release|Any CPU = Release|Any CPU
	EndGlobalSection
	GlobalSection(ProjectConfigurationPlatforms) = postSolution
		{D59EC40D-7CAC-4C07-97CB-DBB6697719C9}.Debug|Any CPU.ActiveCfg = Debug|Any CPU
		{D59EC40D-7CAC-4C07-97CB-DBB6697719C9}.Debug|Any CPU.Build.0 = Debug|Any CPU
		{D59EC40D-7CAC-4C07-97CB-DBB6697719C9}.Release|Any CPU.ActiveCfg = Release|Any CPU
		{D59EC40D-7CAC-4C07-97CB-DBB6697719C9}.Release|Any CPU.Build.0 = Release|Any CPU
		{BA8C35B7-1BE1-4C4F-8DC2-0623FE346FBB}.Debug|Any CPU.ActiveCfg = Debug|Any CPU
		{BA8C35B7-1BE1-4C4F-8DC2-0623FE346FBB}.Debug|Any CPU.Build.0 = Debug|Any CPU
		{BA8C35B7-1BE1-4C4F-8DC2-0623FE346FBB}.Release|Any CPU.ActiveCfg = Release|Any CPU
		{BA8C35B7-1BE1-4C4F-8DC2-0623FE346FBB}.Release|Any CPU.Build.0 = Release|Any CPU
	EndGlobalSection
	GlobalSection(SolutionProperties) = preSolution
		HideSolutionNode = FALSE
	EndGlobalSection
	GlobalSection(ExtensibilityGlobals) = postSolution
		SolutionGuid = {5F2447DF-6CC7-4BFE-B486-CD107E81BA62}
	EndGlobalSection
EndGlobal
