
Microsoft Visual Studio Solution File, Format Version 12.00
# Visual Studio Version 17
VisualStudioVersion = 17.11.35303.130
MinimumVisualStudioVersion = 10.0.40219.1
Project("{888888A0-9F3D-457C-B088-3A5042F75D52}") = "Python All Codes Explane", "Python All Codes Explane.pyproj", "{C6B732E0-6B92-4B39-8004-2993DF06932E}"
EndProject
Global
	GlobalSection(SolutionConfigurationPlatforms) = preSolution
		Debug|Any CPU = Debug|Any CPU
		Release|Any CPU = Release|Any CPU
	EndGlobalSection
	GlobalSection(ProjectConfigurationPlatforms) = postSolution
		{C6B732E0-6B92-4B39-8004-2993DF06932E}.Debug|Any CPU.ActiveCfg = Debug|Any CPU
		{C6B732E0-6B92-4B39-8004-2993DF06932E}.Release|Any CPU.ActiveCfg = Release|Any CPU
	EndGlobalSection
	GlobalSection(SolutionProperties) = preSolution
		HideSolutionNode = FALSE
	EndGlobalSection
	GlobalSection(ExtensibilityGlobals) = postSolution
		SolutionGuid = {5A81774D-20BB-4B2D-9A7D-6B6FD0001A1A}
	EndGlobalSection
EndGlobal
