
Microsoft Visual Studio Solution File, Format Version 12.00
# Visual Studio Version 17
VisualStudioVersion = 17.11.35303.130
MinimumVisualStudioVersion = 10.0.40219.1
Project("{FAE04EC0-301F-11D3-BF4B-00C04F79EFBC}") = "ConsoleApp1", "ConsoleApp1.csproj", "{BCB4F8B6-FE2E-4DA4-BFB0-752024423A58}"
EndProject
Global
	GlobalSection(SolutionConfigurationPlatforms) = preSolution
		Debug|Any CPU = Debug|Any CPU
		Release|Any CPU = Release|Any CPU
	EndGlobalSection
	GlobalSection(ProjectConfigurationPlatforms) = postSolution
		{BCB4F8B6-FE2E-4DA4-BFB0-752024423A58}.Debug|Any CPU.ActiveCfg = Debug|Any CPU
		{BCB4F8B6-FE2E-4DA4-BFB0-752024423A58}.Debug|Any CPU.Build.0 = Debug|Any CPU
		{BCB4F8B6-FE2E-4DA4-BFB0-752024423A58}.Release|Any CPU.ActiveCfg = Release|Any CPU
		{BCB4F8B6-FE2E-4DA4-BFB0-752024423A58}.Release|Any CPU.Build.0 = Release|Any CPU
	EndGlobalSection
	GlobalSection(SolutionProperties) = preSolution
		HideSolutionNode = FALSE
	EndGlobalSection
	GlobalSection(ExtensibilityGlobals) = postSolution
		SolutionGuid = {B808EBFB-1A13-43C1-9F60-F1E3B00AA3FB}
	EndGlobalSection
EndGlobal
